
Microsoft Visual Studio Solution File, Format Version 12.00
# Visual Studio Version 17
VisualStudioVersion = 17.9.34728.123
MinimumVisualStudioVersion = 10.0.40219.1
Project("{FAE04EC0-301F-11D3-BF4B-00C04F79EFBC}") = "ArrayDelete", "ArrayDelete\ArrayDelete.csproj", "{E314A2F1-012A-4F19-B9DC-F9AE90958402}"
EndProject
Global
	GlobalSection(SolutionConfigurationPlatforms) = preSolution
		Debug|Any CPU = Debug|Any CPU
		Release|Any CPU = Release|Any CPU
	EndGlobalSection
	GlobalSection(ProjectConfigurationPlatforms) = postSolution
		{E314A2F1-012A-4F19-B9DC-F9AE90958402}.Debug|Any CPU.ActiveCfg = Debug|Any CPU
		{E314A2F1-012A-4F19-B9DC-F9AE90958402}.Debug|Any CPU.Build.0 = Debug|Any CPU
		{E314A2F1-012A-4F19-B9DC-F9AE90958402}.Release|Any CPU.ActiveCfg = Release|Any CPU
		{E314A2F1-012A-4F19-B9DC-F9AE90958402}.Release|Any CPU.Build.0 = Release|Any CPU
	EndGlobalSection
	GlobalSection(SolutionProperties) = preSolution
		HideSolutionNode = FALSE
	EndGlobalSection
	GlobalSection(ExtensibilityGlobals) = postSolution
		SolutionGuid = {3708D7D9-307E-4621-87E5-7E657A8F9C04}
	EndGlobalSection
EndGlobal
